schema: '2.0'
stages:
  preprocess:
    cmd: python scripts/preprocess.py
    deps:
    - path: scripts/preprocess.py
      hash: md5
      md5: ac4096fe7f851a6cdc17dc1457a5c96d
      size: 1314
    outs:
    - path: data/loans_clean.csv
      hash: md5
      md5: a75cfd19ce64b11045ea649d31a2cf6b
      size: 12464
  train:
    cmd: python scripts/train.py
    deps:
    - path: data/loans_clean.csv
      hash: md5
      md5: a75cfd19ce64b11045ea649d31a2cf6b
      size: 12464
    - path: scripts/train.py
      hash: md5
      md5: 56a7d973f6c2d1201c4a7b2907bcfa04
      size: 1196
    outs:
    - path: services/recommendation/model/model.pkl
      hash: md5
      md5: 61ada0c06734c7663634deb17639ecfc
      size: 16433
  evaluate:
    cmd: python scripts/evaluate.py
    deps:
    - path: data/loans_clean.csv
      hash: md5
      md5: a75cfd19ce64b11045ea649d31a2cf6b
      size: 12464
    - path: scripts/evaluate.py
      hash: md5
      md5: 85062fa63eac3224076f0453a1981d16
      size: 1978
    - path: services/recommendation/model/model.pkl
      hash: md5
      md5: 61ada0c06734c7663634deb17639ecfc
      size: 16433
    outs:
    - path: data/metrics.json
      hash: md5
      md5: 96f34c251e2cedb8097f4a093d4cedbf
      size: 103
